
Microsoft Visual Studio Solution File, Format Version 10.00
# Visual Studio 2008
Project("{FAE04EC0-301F-11D3-BF4B-00C04F79EFBC}") = "data_binding", "data_binding\data_binding.csproj", "{EEB33BC3-2429-4C0F-963F-5F2C0DD41700}"
EndProject
Project("{2150E333-8FDC-42A3-9474-1A3956D46DE8}") = "Solution Items", "Solution Items", "{B562EBCE-FB7D-4DA5-985E-246A2339A319}"
EndProject
Global
	GlobalSection(SolutionConfigurationPlatforms) = preSolution
		Debug|Any CPU = Debug|Any CPU
		Release|Any CPU = Release|Any CPU
	EndGlobalSection
	GlobalSection(ProjectConfigurationPlatforms) = postSolution
		{EEB33BC3-2429-4C0F-963F-5F2C0DD41700}.Debug|Any CPU.ActiveCfg = Debug|Any CPU
		{EEB33BC3-2429-4C0F-963F-5F2C0DD41700}.Debug|Any CPU.Build.0 = Debug|Any CPU
		{EEB33BC3-2429-4C0F-963F-5F2C0DD41700}.Release|Any CPU.ActiveCfg = Release|Any CPU
		{EEB33BC3-2429-4C0F-963F-5F2C0DD41700}.Release|Any CPU.Build.0 = Release|Any CPU
	EndGlobalSection
	GlobalSection(SolutionProperties) = preSolution
		HideSolutionNode = FALSE
	EndGlobalSection
EndGlobal
