// !$*UTF8*$!
{
	archiveVersion = 1;
	classes = {
	};
	objectVersion = 46;
	objects = {

/* Begin PBXBuildFile section */
		AA22FA1A19FDAD8300A79269 /* AppDelegate.swift in Sources */ = {isa = PBXBuildFile; fileRef = AA22FA1919FDAD8300A79269 /* AppDelegate.swift */; };
		AA22FA1C19FDAD8300A79269 /* ViewController.swift in Sources */ = {isa = PBXBuildFile; fileRef = AA22FA1B19FDAD8300A79269 /* ViewController.swift */; };
		AA22FA1F19FDAD8300A79269 /* Main.storyboard in Resources */ = {isa = PBXBuildFile; fileRef = AA22FA1D19FDAD8300A79269 /* Main.storyboard */; };
		AA22FA2119FDAD8300A79269 /* Images.xcassets in Resources */ = {isa = PBXBuildFile; fileRef = AA22FA2019FDAD8300A79269 /* Images.xcassets */; };
		AA22FA2419FDAD8300A79269 /* LaunchScreen.xib in Resources */ = {isa = PBXBuildFile; fileRef = AA22FA2219FDAD8300A79269 /* LaunchScreen.xib */; };
		AA22FA3019FDAD8300A79269 /* HartAndHuntingtonTests.swift in Sources */ = {isa = PBXBuildFile; fileRef = AA22FA2F19FDAD8300A79269 /* HartAndHuntingtonTests.swift */; };
		AA22FA3B19FDAE0100A79269 /* StepTwoViewController.swift in Sources */ = {isa = PBXBuildFile; fileRef = AA22FA3919FDAE0100A79269 /* StepTwoViewController.swift */; };
		AA22FA3C19FDAE0100A79269 /* StepTwoViewController.xib in Resources */ = {isa = PBXBuildFile; fileRef = AA22FA3A19FDAE0100A79269 /* StepTwoViewController.xib */; };
		AA22FA3F19FDB03D00A79269 /* StepThreeViewController.swift in Sources */ = {isa = PBXBuildFile; fileRef = AA22FA3D19FDB03D00A79269 /* StepThreeViewController.swift */; };
		AA22FA4019FDB03D00A79269 /* StepThreeViewController.xib in Resources */ = {isa = PBXBuildFile; fileRef = AA22FA3E19FDB03D00A79269 /* StepThreeViewController.xib */; };
		AA22FA4319FDB08C00A79269 /* StepFourViewController.swift in Sources */ = {isa = PBXBuildFile; fileRef = AA22FA4119FDB08C00A79269 /* StepFourViewController.swift */; };
		AA22FA4419FDB08C00A79269 /* StepFourViewController.xib in Resources */ = {isa = PBXBuildFile; fileRef = AA22FA4219FDB08C00A79269 /* StepFourViewController.xib */; };
		AA22FA4619FDBDF800A79269 /* artists.png in Resources */ = {isa = PBXBuildFile; fileRef = AA22FA4519FDBDF800A79269 /* artists.png */; };
		AA69873B1A0AFEFF008FF8FA /* TableViewController.swift in Sources */ = {isa = PBXBuildFile; fileRef = AA69873A1A0AFEFF008FF8FA /* TableViewController.swift */; };
/* End PBXBuildFile section */

/* Begin PBXContainerItemProxy section */
		AA22FA2A19FDAD8300A79269 /* PBXContainerItemProxy */ = {
			isa = PBXContainerItemProxy;
			containerPortal = AA22FA0C19FDAD8300A79269 /* Project object */;
			proxyType = 1;
			remoteGlobalIDString = AA22FA1319FDAD8300A79269;
			remoteInfo = HartAndHuntington;
		};
/* End PBXContainerItemProxy section */

/* Begin PBXFileReference section */
		AA22FA1419FDAD8300A79269 /* HartAndHuntington.app */ = {isa = PBXFileReference; explicitFileType = wrapper.application; includeInIndex = 0; path = HartAndHuntington.app; sourceTree = BUILT_PRODUCTS_DIR; };
		AA22FA1819FDAD8300A79269 /* Info.plist */ = {isa = PBXFileReference; lastKnownFileType = text.plist.xml; path = Info.plist; sourceTree = "<group>"; };
		AA22FA1919FDAD8300A79269 /* AppDelegate.swift */ = {isa = PBXFileReference; lastKnownFileType = sourcecode.swift; path = AppDelegate.swift; sourceTree = "<group>"; };
		AA22FA1B19FDAD8300A79269 /* ViewController.swift */ = {isa = PBXFileReference; lastKnownFileType = sourcecode.swift; path = ViewController.swift; sourceTree = "<group>"; };
		AA22FA1E19FDAD8300A79269 /* Base */ = {isa = PBXFileReference; lastKnownFileType = file.storyboard; name = Base; path = Base.lproj/Main.storyboard; sourceTree = "<group>"; };
		AA22FA2019FDAD8300A79269 /* Images.xcassets */ = {isa = PBXFileReference; lastKnownFileType = folder.assetcatalog; path = Images.xcassets; sourceTree = "<group>"; };
		AA22FA2319FDAD8300A79269 /* Base */ = {isa = PBXFileReference; lastKnownFileType = file.xib; name = Base; path = Base.lproj/LaunchScreen.xib; sourceTree = "<group>"; };
		AA22FA2919FDAD8300A79269 /* HartAndHuntingtonTests.xctest */ = {isa = PBXFileReference; explicitFileType = wrapper.cfbundle; includeInIndex = 0; path = HartAndHuntingtonTests.xctest; sourceTree = BUILT_PRODUCTS_DIR; };
		AA22FA2E19FDAD8300A79269 /* Info.plist */ = {isa = PBXFileReference; lastKnownFileType = text.plist.xml; path = Info.plist; sourceTree = "<group>"; };
		AA22FA2F19FDAD8300A79269 /* HartAndHuntingtonTests.swift */ = {isa = PBXFileReference; lastKnownFileType = sourcecode.swift; path = HartAndHuntingtonTests.swift; sourceTree = "<group>"; };
		AA22FA3919FDAE0100A79269 /* StepTwoViewController.swift */ = {isa = PBXFileReference; fileEncoding = 4; lastKnownFileType = sourcecode.swift; path = StepTwoViewController.swift; sourceTree = "<group>"; };
		AA22FA3A19FDAE0100A79269 /* StepTwoViewController.xib */ = {isa = PBXFileReference; fileEncoding = 4; lastKnownFileType = file.xib; path = StepTwoViewController.xib; sourceTree = "<group>"; };
		AA22FA3D19FDB03D00A79269 /* StepThreeViewController.swift */ = {isa = PBXFileReference; fileEncoding = 4; lastKnownFileType = sourcecode.swift; path = StepThreeViewController.swift; sourceTree = "<group>"; };
		AA22FA3E19FDB03D00A79269 /* StepThreeViewController.xib */ = {isa = PBXFileReference; fileEncoding = 4; lastKnownFileType = file.xib; path = StepThreeViewController.xib; sourceTree = "<group>"; };
		AA22FA4119FDB08C00A79269 /* StepFourViewController.swift */ = {isa = PBXFileReference; fileEncoding = 4; lastKnownFileType = sourcecode.swift; path = StepFourViewController.swift; sourceTree = "<group>"; };
		AA22FA4219FDB08C00A79269 /* StepFourViewController.xib */ = {isa = PBXFileReference; fileEncoding = 4; lastKnownFileType = file.xib; path = StepFourViewController.xib; sourceTree = "<group>"; };
		AA22FA4519FDBDF800A79269 /* artists.png */ = {isa = PBXFileReference; lastKnownFileType = image.png; path = artists.png; sourceTree = "<group>"; };
		AA69873A1A0AFEFF008FF8FA /* TableViewController.swift */ = {isa = PBXFileReference; fileEncoding = 4; lastKnownFileType = sourcecode.swift; name = TableViewController.swift; path = ../TableViewController.swift; sourceTree = "<group>"; };
/* End PBXFileReference section */

/* Begin PBXFrameworksBuildPhase section */
		AA22FA1119FDAD8300A79269 /* Frameworks */ = {
			isa = PBXFrameworksBuildPhase;
			buildActionMask = 2147483647;
			files = (
			);
			runOnlyForDeploymentPostprocessing = 0;
		};
		AA22FA2619FDAD8300A79269 /* Frameworks */ = {
			isa = PBXFrameworksBuildPhase;
			buildActionMask = 2147483647;
			files = (
			);
			runOnlyForDeploymentPostprocessing = 0;
		};
/* End PBXFrameworksBuildPhase section */

/* Begin PBXGroup section */
		AA22FA0B19FDAD8300A79269 = {
			isa = PBXGroup;
			children = (
				AA22FA1619FDAD8300A79269 /* HartAndHuntington */,
				AA22FA2C19FDAD8300A79269 /* HartAndHuntingtonTests */,
				AA22FA1519FDAD8300A79269 /* Products */,
			);
			sourceTree = "<group>";
		};
		AA22FA1519FDAD8300A79269 /* Products */ = {
			isa = PBXGroup;
			children = (
				AA22FA1419FDAD8300A79269 /* HartAndHuntington.app */,
				AA22FA2919FDAD8300A79269 /* HartAndHuntingtonTests.xctest */,
			);
			name = Products;
			sourceTree = "<group>";
		};
		AA22FA1619FDAD8300A79269 /* HartAndHuntington */ = {
			isa = PBXGroup;
			children = (
				AA69873A1A0AFEFF008FF8FA /* TableViewController.swift */,
				AA22FA1919FDAD8300A79269 /* AppDelegate.swift */,
				AA22FA1B19FDAD8300A79269 /* ViewController.swift */,
				AA22FA1D19FDAD8300A79269 /* Main.storyboard */,
				AA22FA4519FDBDF800A79269 /* artists.png */,
				AA22FA3D19FDB03D00A79269 /* StepThreeViewController.swift */,
				AA22FA3E19FDB03D00A79269 /* StepThreeViewController.xib */,
				AA22FA4119FDB08C00A79269 /* StepFourViewController.swift */,
				AA22FA4219FDB08C00A79269 /* StepFourViewController.xib */,
				AA22FA3919FDAE0100A79269 /* StepTwoViewController.swift */,
				AA22FA3A19FDAE0100A79269 /* StepTwoViewController.xib */,
				AA22FA2019FDAD8300A79269 /* Images.xcassets */,
				AA22FA2219FDAD8300A79269 /* LaunchScreen.xib */,
				AA22FA1719FDAD8300A79269 /* Supporting Files */,
			);
			path = HartAndHuntington;
			sourceTree = "<group>";
		};
		AA22FA1719FDAD8300A79269 /* Supporting Files */ = {
			isa = PBXGroup;
			children = (
				AA22FA1819FDAD8300A79269 /* Info.plist */,
			);
			name = "Supporting Files";
			sourceTree = "<group>";
		};
		AA22FA2C19FDAD8300A79269 /* HartAndHuntingtonTests */ = {
			isa = PBXGroup;
			children = (
				AA22FA2F19FDAD8300A79269 /* HartAndHuntingtonTests.swift */,
				AA22FA2D19FDAD8300A79269 /* Supporting Files */,
			);
			path = HartAndHuntingtonTests;
			sourceTree = "<group>";
		};
		AA22FA2D19FDAD8300A79269 /* Supporting Files */ = {
			isa = PBXGroup;
			children = (
				AA22FA2E19FDAD8300A79269 /* Info.plist */,
			);
			name = "Supporting Files";
			sourceTree = "<group>";
		};
/* End PBXGroup section */

/* Begin PBXNativeTarget section */
		AA22FA1319FDAD8300A79269 /* HartAndHuntington */ = {
			isa = PBXNativeTarget;
			buildConfigurationList = AA22FA3319FDAD8300A79269 /* Build configuration list for PBXNativeTarget "HartAndHuntington" */;
			buildPhases = (
				AA22FA1019FDAD8300A79269 /* Sources */,
				AA22FA1119FDAD8300A79269 /* Frameworks */,
				AA22FA1219FDAD8300A79269 /* Resources */,
			);
			buildRules = (
			);
			dependencies = (
			);
			name = HartAndHuntington;
			productName = HartAndHuntington;
			productReference = AA22FA1419FDAD8300A79269 /* HartAndHuntington.app */;
			productType = "com.apple.product-type.application";
		};
		AA22FA2819FDAD8300A79269 /* HartAndHuntingtonTests */ = {
			isa = PBXNativeTarget;
			buildConfigurationList = AA22FA3619FDAD8300A79269 /* Build configuration list for PBXNativeTarget "HartAndHuntingtonTests" */;
			buildPhases = (
				AA22FA2519FDAD8300A79269 /* Sources */,
				AA22FA2619FDAD8300A79269 /* Frameworks */,
				AA22FA2719FDAD8300A79269 /* Resources */,
			);
			buildRules = (
			);
			dependencies = (
				AA22FA2B19FDAD8300A79269 /* PBXTargetDependency */,
			);
			name = HartAndHuntingtonTests;
			productName = HartAndHuntingtonTests;
			productReference = AA22FA2919FDAD8300A79269 /* HartAndHuntingtonTests.xctest */;
			productType = "com.apple.product-type.bundle.unit-test";
		};
/* End PBXNativeTarget section */

/* Begin PBXProject section */
		AA22FA0C19FDAD8300A79269 /* Project object */ = {
			isa = PBXProject;
			attributes = {
				LastUpgradeCheck = 0610;
				ORGANIZATIONNAME = HartAndHuntington;
				TargetAttributes = {
					AA22FA1319FDAD8300A79269 = {
						CreatedOnToolsVersion = 6.1;
					};
					AA22FA2819FDAD8300A79269 = {
						CreatedOnToolsVersion = 6.1;
						TestTargetID = AA22FA1319FDAD8300A79269;
					};
				};
			};
			buildConfigurationList = AA22FA0F19FDAD8300A79269 /* Build configuration list for PBXProject "HartAndHuntington" */;
			compatibilityVersion = "Xcode 3.2";
			developmentRegion = English;
			hasScannedForEncodings = 0;
			knownRegions = (
				en,
				Base,
			);
			mainGroup = AA22FA0B19FDAD8300A79269;
			productRefGroup = AA22FA1519FDAD8300A79269 /* Products */;
			projectDirPath = "";
			projectRoot = "";
			targets = (
				AA22FA1319FDAD8300A79269 /* HartAndHuntington */,
				AA22FA2819FDAD8300A79269 /* HartAndHuntingtonTests */,
			);
		};
/* End PBXProject section */

/* Begin PBXResourcesBuildPhase section */
		AA22FA1219FDAD8300A79269 /* Resources */ = {
			isa = PBXResourcesBuildPhase;
			buildActionMask = 2147483647;
			files = (
				AA22FA4619FDBDF800A79269 /* artists.png in Resources */,
				AA22FA1F19FDAD8300A79269 /* Main.storyboard in Resources */,
				AA22FA2419FDAD8300A79269 /* LaunchScreen.xib in Resources */,
				AA22FA4419FDB08C00A79269 /* StepFourViewController.xib in Resources */,
				AA22FA2119FDAD8300A79269 /* Images.xcassets in Resources */,
				AA22FA4019FDB03D00A79269 /* StepThreeViewController.xib in Resources */,
				AA22FA3C19FDAE0100A79269 /* StepTwoViewController.xib in Resources */,
			);
			runOnlyForDeploymentPostprocessing = 0;
		};
		AA22FA2719FDAD8300A79269 /* Resources */ = {
			isa = PBXResourcesBuildPhase;
			buildActionMask = 2147483647;
			files = (
			);
			runOnlyForDeploymentPostprocessing = 0;
		};
/* End PBXResourcesBuildPhase section */

/* Begin PBXSourcesBuildPhase section */
		AA22FA1019FDAD8300A79269 /* Sources */ = {
			isa = PBXSourcesBuildPhase;
			buildActionMask = 2147483647;
			files = (
				AA22FA1C19FDAD8300A79269 /* ViewController.swift in Sources */,
				AA69873B1A0AFEFF008FF8FA /* TableViewController.swift in Sources */,
				AA22FA1A19FDAD8300A79269 /* AppDelegate.swift in Sources */,
				AA22FA3B19FDAE0100A79269 /* StepTwoViewController.swift in Sources */,
				AA22FA3F19FDB03D00A79269 /* StepThreeViewController.swift in Sources */,
				AA22FA4319FDB08C00A79269 /* StepFourViewController.swift in Sources */,
			);
			runOnlyForDeploymentPostprocessing = 0;
		};
		AA22FA2519FDAD8300A79269 /* Sources */ = {
			isa = PBXSourcesBuildPhase;
			buildActionMask = 2147483647;
			files = (
				AA22FA3019FDAD8300A79269 /* HartAndHuntingtonTests.swift in Sources */,
			);
			runOnlyForDeploymentPostprocessing = 0;
		};
/* End PBXSourcesBuildPhase section */

/* Begin PBXTargetDependency section */
		AA22FA2B19FDAD8300A79269 /* PBXTargetDependency */ = {
			isa = PBXTargetDependency;
			target = AA22FA1319FDAD8300A79269 /* HartAndHuntington */;
			targetProxy = AA22FA2A19FDAD8300A79269 /* PBXContainerItemProxy */;
		};
/* End PBXTargetDependency section */

/* Begin PBXVariantGroup section */
		AA22FA1D19FDAD8300A79269 /* Main.storyboard */ = {
			isa = PBXVariantGroup;
			children = (
				AA22FA1E19FDAD8300A79269 /* Base */,
			);
			name = Main.storyboard;
			sourceTree = "<group>";
		};
		AA22FA2219FDAD8300A79269 /* LaunchScreen.xib */ = {
			isa = PBXVariantGroup;
			children = (
				AA22FA2319FDAD8300A79269 /* Base */,
			);
			name = LaunchScreen.xib;
			sourceTree = "<group>";
		};
/* End PBXVariantGroup section */

/* Begin XCBuildConfiguration section */
		AA22FA3119FDAD8300A79269 /* Debug */ = {
			isa = XCBuildConfiguration;
			buildSettings = {
				ALWAYS_SEARCH_USER_PATHS = NO;
				CLANG_CXX_LANGUAGE_STANDARD = "gnu++0x";
				CLANG_CXX_LIBRARY = "libc++";
				CLANG_ENABLE_MODULES = YES;
				CLANG_ENABLE_OBJC_ARC = YES;
				CLANG_WARN_BOOL_CONVERSION = YES;
				CLANG_WARN_CONSTANT_CONVERSION = YES;
				CLANG_WARN_DIRECT_OBJC_ISA_USAGE = YES_ERROR;
				CLANG_WARN_EMPTY_BODY = YES;
				CLANG_WARN_ENUM_CONVERSION = YES;
				CLANG_WARN_INT_CONVERSION = YES;
				CLANG_WARN_OBJC_ROOT_CLASS = YES_ERROR;
				CLANG_WARN_UNREACHABLE_CODE = YES;
				CLANG_WARN__DUPLICATE_METHOD_MATCH = YES;
				"CODE_SIGN_IDENTITY[sdk=iphoneos*]" = "iPhone Developer";
				COPY_PHASE_STRIP = NO;
				ENABLE_STRICT_OBJC_MSGSEND = YES;
				GCC_C_LANGUAGE_STANDARD = gnu99;
				GCC_DYNAMIC_NO_PIC = NO;
				GCC_OPTIMIZATION_LEVEL = 0;
				GCC_PREPROCESSOR_DEFINITIONS = (
					"DEBUG=1",
					"$(inherited)",
				);
				GCC_SYMBOLS_PRIVATE_EXTERN = NO;
				GCC_WARN_64_TO_32_BIT_CONVERSION = YES;
				GCC_WARN_ABOUT_RETURN_TYPE = YES_ERROR;
				GCC_WARN_UNDECLARED_SELECTOR = YES;
				GCC_WARN_UNINITIALIZED_AUTOS = YES_AGGRESSIVE;
				GCC_WARN_UNUSED_FUNCTION = YES;
				GCC_WARN_UNUSED_VARIABLE = YES;
				IPHONEOS_DEPLOYMENT_TARGET = 8.1;
				MTL_ENABLE_DEBUG_INFO = YES;
				ONLY_ACTIVE_ARCH = YES;
				SDKROOT = iphoneos;
				SWIFT_OPTIMIZATION_LEVEL = "-Onone";
			};
			name = Debug;
		};
		AA22FA3219FDAD8300A79269 /* Release */ = {
			isa = XCBuildConfiguration;
			buildSettings = {
				ALWAYS_SEARCH_USER_PATHS = NO;
				CLANG_CXX_LANGUAGE_STANDARD = "gnu++0x";
				CLANG_CXX_LIBRARY = "libc++";
				CLANG_ENABLE_MODULES = YES;
				CLANG_ENABLE_OBJC_ARC = YES;
				CLANG_WARN_BOOL_CONVERSION = YES;
				CLANG_WARN_CONSTANT_CONVERSION = YES;
				CLANG_WARN_DIRECT_OBJC_ISA_USAGE = YES_ERROR;
				CLANG_WARN_EMPTY_BODY = YES;
				CLANG_WARN_ENUM_CONVERSION = YES;
				CLANG_WARN_INT_CONVERSION = YES;
				CLANG_WARN_OBJC_ROOT_CLASS = YES_ERROR;
				CLANG_WARN_UNREACHABLE_CODE = YES;
				CLANG_WARN__DUPLICATE_METHOD_MATCH = YES;
				"CODE_SIGN_IDENTITY[sdk=iphoneos*]" = "iPhone Developer";
				COPY_PHASE_STRIP = YES;
				ENABLE_NS_ASSERTIONS = NO;
				ENABLE_STRICT_OBJC_MSGSEND = YES;
				GCC_C_LANGUAGE_STANDARD = gnu99;
				GCC_WARN_64_TO_32_BIT_CONVERSION = YES;
				GCC_WARN_ABOUT_RETURN_TYPE = YES_ERROR;
				GCC_WARN_UNDECLARED_SELECTOR = YES;
				GCC_WARN_UNINITIALIZED_AUTOS = YES_AGGRESSIVE;
				GCC_WARN_UNUSED_FUNCTION = YES;
				GCC_WARN_UNUSED_VARIABLE = YES;
				IPHONEOS_DEPLOYMENT_TARGET = 8.1;
				MTL_ENABLE_DEBUG_INFO = NO;
				SDKROOT = iphoneos;
				VALIDATE_PRODUCT = YES;
			};
			name = Release;
		};
		AA22FA3419FDAD8300A79269 /* Debug */ = {
			isa = XCBuildConfiguration;
			buildSettings = {
				ASSETCATALOG_COMPILER_APPICON_NAME = AppIcon;
				INFOPLIST_FILE = HartAndHuntington/Info.plist;
				LD_RUNPATH_SEARCH_PATHS = "$(inherited) @executable_path/Frameworks";
				PRODUCT_NAME = "$(TARGET_NAME)";
			};
			name = Debug;
		};
		AA22FA3519FDAD8300A79269 /* Release */ = {
			isa = XCBuildConfiguration;
			buildSettings = {
				ASSETCATALOG_COMPILER_APPICON_NAME = AppIcon;
				INFOPLIST_FILE = HartAndHuntington/Info.plist;
				LD_RUNPATH_SEARCH_PATHS = "$(inherited) @executable_path/Frameworks";
				PRODUCT_NAME = "$(TARGET_NAME)";
			};
			name = Release;
		};
		AA22FA3719FDAD8300A79269 /* Debug */ = {
			isa = XCBuildConfiguration;
			buildSettings = {
				BUNDLE_LOADER = "$(TEST_HOST)";
				FRAMEWORK_SEARCH_PATHS = (
					"$(SDKROOT)/Developer/Library/Frameworks",
					"$(inherited)",
				);
				GCC_PREPROCESSOR_DEFINITIONS = (
					"DEBUG=1",
					"$(inherited)",
				);
				INFOPLIST_FILE = HartAndHuntingtonTests/Info.plist;
				LD_RUNPATH_SEARCH_PATHS = "$(inherited) @executable_path/Frameworks @loader_path/Frameworks";
				PRODUCT_NAME = "$(TARGET_NAME)";
				TEST_HOST = "$(BUILT_PRODUCTS_DIR)/HartAndHuntington.app/HartAndHuntington";
			};
			name = Debug;
		};
		AA22FA3819FDAD8300A79269 /* Release */ = {
			isa = XCBuildConfiguration;
			buildSettings = {
				BUNDLE_LOADER = "$(TEST_HOST)";
				FRAMEWORK_SEARCH_PATHS = (
					"$(SDKROOT)/Developer/Library/Frameworks",
					"$(inherited)",
				);
				INFOPLIST_FILE = HartAndHuntingtonTests/Info.plist;
				LD_RUNPATH_SEARCH_PATHS = "$(inherited) @executable_path/Frameworks @loader_path/Frameworks";
				PRODUCT_NAME = "$(TARGET_NAME)";
				TEST_HOST = "$(BUILT_PRODUCTS_DIR)/HartAndHuntington.app/HartAndHuntington";
			};
			name = Release;
		};
/* End XCBuildConfiguration section */

/* Begin XCConfigurationList section */
		AA22FA0F19FDAD8300A79269 /* Build configuration list for PBXProject "HartAndHuntington" */ = {
			isa = XCConfigurationList;
			buildConfigurations = (
				AA22FA3119FDAD8300A79269 /* Debug */,
				AA22FA3219FDAD8300A79269 /* Release */,
			);
			defaultConfigurationIsVisible = 0;
			defaultConfigurationName = Release;
		};
		AA22FA3319FDAD8300A79269 /* Build configuration list for PBXNativeTarget "HartAndHuntington" */ = {
			isa = XCConfigurationList;
			buildConfigurations = (
				AA22FA3419FDAD8300A79269 /* Debug */,
				AA22FA3519FDAD8300A79269 /* Release */,
			);
			defaultConfigurationIsVisible = 0;
			defaultConfigurationName = Release;
		};
		AA22FA3619FDAD8300A79269 /* Build configuration list for PBXNativeTarget "HartAndHuntingtonTests" */ = {
			isa = XCConfigurationList;
			buildConfigurations = (
				AA22FA3719FDAD8300A79269 /* Debug */,
				AA22FA3819FDAD8300A79269 /* Release */,
			);
			defaultConfigurationIsVisible = 0;
			defaultConfigurationName = Release;
		};
/* End XCConfigurationList section */
	};
	rootObject = AA22FA0C19FDAD8300A79269 /* Project object */;
}
