
Microsoft Visual Studio Solution File, Format Version 10.00
# Visual Studio 2008
Project("{FAE04EC0-301F-11D3-BF4B-00C04F79EFBC}") = "chapter2-string", "chapter2-string\chapter2-string.csproj", "{823461FC-487D-4F61-B130-DB0A52F8F7C8}"
EndProject
Global
	GlobalSection(SolutionConfigurationPlatforms) = preSolution
		Debug|Any CPU = Debug|Any CPU
		Release|Any CPU = Release|Any CPU
	EndGlobalSection
	GlobalSection(ProjectConfigurationPlatforms) = postSolution
		{823461FC-487D-4F61-B130-DB0A52F8F7C8}.Debug|Any CPU.ActiveCfg = Debug|Any CPU
		{823461FC-487D-4F61-B130-DB0A52F8F7C8}.Debug|Any CPU.Build.0 = Debug|Any CPU
		{823461FC-487D-4F61-B130-DB0A52F8F7C8}.Release|Any CPU.ActiveCfg = Release|Any CPU
		{823461FC-487D-4F61-B130-DB0A52F8F7C8}.Release|Any CPU.Build.0 = Release|Any CPU
	EndGlobalSection
	GlobalSection(SolutionProperties) = preSolution
		HideSolutionNode = FALSE
	EndGlobalSection
EndGlobal
